Microsoft Visual Studio Solution File, Format Version 8.00
Project("{FAE04EC0-301F-11D3-BF4B-00C04F79EFBC}") = "WindowsApplication5", "WindowsApplication5.csproj", "{43CFE3AF-2288-4F68-AF81-356EA2D64856}"
	ProjectSection(ProjectDependencies) = postProject
	EndProjectSection
EndProject
Global
	GlobalSection(SolutionConfiguration) = preSolution
		Debug = Debug
		Release = Release
	EndGlobalSection
	GlobalSection(ProjectConfiguration) = postSolution
		{43CFE3AF-2288-4F68-AF81-356EA2D64856}.Debug.ActiveCfg = Debug|.NET
		{43CFE3AF-2288-4F68-AF81-356EA2D64856}.Debug.Build.0 = Debug|.NET
		{43CFE3AF-2288-4F68-AF81-356EA2D64856}.Release.ActiveCfg = Release|.NET
		{43CFE3AF-2288-4F68-AF81-356EA2D64856}.Release.Build.0 = Release|.NET
	EndGlobalSection
	GlobalSection(ExtensibilityGlobals) = postSolution
	EndGlobalSection
	GlobalSection(ExtensibilityAddIns) = postSolution
	EndGlobalSection
EndGlobal
